
Microsoft Visual Studio Solution File, Format Version 12.00
# Visual Studio Version 16
VisualStudioVersion = 16.0.32002.261
MinimumVisualStudioVersion = 10.0.40219.1
Project("{FAE04EC0-301F-11D3-BF4B-00C04F79EFBC}") = "EverNoteArchive", "EverNoteArchive\EverNoteArchive.csproj", "{AEBD909F-D78B-45A5-9E61-379085EE6037}"
EndProject
Global
	GlobalSection(SolutionConfigurationPlatforms) = preSolution
		Debug|Any CPU = Debug|Any CPU
		Release|Any CPU = Release|Any CPU
	EndGlobalSection
	GlobalSection(ProjectConfigurationPlatforms) = postSolution
		{AEBD909F-D78B-45A5-9E61-379085EE6037}.Debug|Any CPU.ActiveCfg = Debug|Any CPU
		{AEBD909F-D78B-45A5-9E61-379085EE6037}.Debug|Any CPU.Build.0 = Debug|Any CPU
		{AEBD909F-D78B-45A5-9E61-379085EE6037}.Release|Any CPU.ActiveCfg = Release|Any CPU
		{AEBD909F-D78B-45A5-9E61-379085EE6037}.Release|Any CPU.Build.0 = Release|Any CPU
	EndGlobalSection
	GlobalSection(SolutionProperties) = preSolution
		HideSolutionNode = FALSE
	EndGlobalSection
	GlobalSection(ExtensibilityGlobals) = postSolution
		SolutionGuid = {1A66766B-C695-4D35-9FF2-B524DE069C08}
	EndGlobalSection
EndGlobal
